
Microsoft Visual Studio Solution File, Format Version 12.00
# Visual Studio Version 17
VisualStudioVersion = 17.1.32328.378
MinimumVisualStudioVersion = 10.0.40219.1
Project("{9A19103F-16F7-4668-BE54-9A1E7A4F7556}") = "mc-get", "MCGet\mc-get.csproj", "{77D13727-42DB-4502-81B7-49A28A5859FA}"
EndProject
Global
	GlobalSection(SolutionConfigurationPlatforms) = preSolution
		Debug|Any CPU = Debug|Any CPU
		Release|Any CPU = Release|Any CPU
	EndGlobalSection
	GlobalSection(ProjectConfigurationPlatforms) = postSolution
		{77D13727-42DB-4502-81B7-49A28A5859FA}.Debug|Any CPU.ActiveCfg = Debug|Any CPU
		{77D13727-42DB-4502-81B7-49A28A5859FA}.Debug|Any CPU.Build.0 = Debug|Any CPU
		{77D13727-42DB-4502-81B7-49A28A5859FA}.Release|Any CPU.ActiveCfg = Release|Any CPU
		{77D13727-42DB-4502-81B7-49A28A5859FA}.Release|Any CPU.Build.0 = Release|Any CPU
	EndGlobalSection
	GlobalSection(SolutionProperties) = preSolution
		HideSolutionNode = FALSE
	EndGlobalSection
	GlobalSection(ExtensibilityGlobals) = postSolution
		SolutionGuid = {DFAD156D-59CE-4D2A-A268-67104FDB1A70}
	EndGlobalSection
EndGlobal
